// !$*UTF8*$!
{
	archiveVersion = 1;
	classes = {
	};
	objectVersion = 77;
	objects = {

/* Begin PBXBuildFile section */
		C0BA21462D7A559500652CB2 /* PulseGuideWatchApp Watch App.app in Embed Watch Content */ = {isa = PBXBuildFile; fileRef = C0BA21232D7A559300652CB2 /* PulseGuideWatchApp Watch App.app */; settings = {ATTRIBUTES = (RemoveHeadersOnCopy, ); }; };
		C9E100002D9F7806007ABF8D /* Assets.xcassets in Resources */ = {isa = PBXBuildFile; fileRef = C9E1FFF92D9F7806007ABF8D /* Assets.xcassets */; };
		C9E100022D9F7A20007ABF8D /* TabView.swift in Sources */ = {isa = PBXBuildFile; fileRef = C9E100012D9F7A20007ABF8D /* TabView.swift */; };
		C9E100042D9F7FC0007ABF8D /* CPRStartView.swift in Sources */ = {isa = PBXBuildFile; fileRef = C9E100032D9F7FC0007ABF8D /* CPRStartView.swift */; };
		C9E100062D9F7FD3007ABF8D /* BackgroundView.swift in Sources */ = {isa = PBXBuildFile; fileRef = C9E100052D9F7FD3007ABF8D /* BackgroundView.swift */; };
		C9E100082D9F8AE9007ABF8D /* LiveCPRView.swift in Sources */ = {isa = PBXBuildFile; fileRef = C9E100072D9F8AE9007ABF8D /* LiveCPRView.swift */; };
		C9E1000A2D9F8E72007ABF8D /* SpeechManager.swift in Sources */ = {isa = PBXBuildFile; fileRef = C9E100092D9F8E72007ABF8D /* SpeechManager.swift */; };
		C9E100362D9F966F007ABF8D /* 28.mp3 in Resources */ = {isa = PBXBuildFile; fileRef = C9E100282D9F966F007ABF8D /* 28.mp3 */; };
		C9E100372D9F966F007ABF8D /* 19.mp3 in Resources */ = {isa = PBXBuildFile; fileRef = C9E1001F2D9F966F007ABF8D /* 19.mp3 */; };
		C9E100382D9F966F007ABF8D /* Switch Off.mp3 in Resources */ = {isa = PBXBuildFile; fileRef = C9E100332D9F966F007ABF8D /* Switch Off.mp3 */; };
		C9E100392D9F966F007ABF8D /* Resume Compressions.mp3 in Resources */ = {isa = PBXBuildFile; fileRef = C9E100302D9F966F007ABF8D /* Resume Compressions.mp3 */; };
		C9E1003A2D9F966F007ABF8D /* 17.mp3 in Resources */ = {isa = PBXBuildFile; fileRef = C9E1001D2D9F966F007ABF8D /* 17.mp3 */; };
		C9E1003B2D9F966F007ABF8D /* 04.mp3 in Resources */ = {isa = PBXBuildFile; fileRef = C9E100102D9F966F007ABF8D /* 04.mp3 */; };
		C9E1003C2D9F966F007ABF8D /* 22.mp3 in Resources */ = {isa = PBXBuildFile; fileRef = C9E100222D9F966F007ABF8D /* 22.mp3 */; };
		C9E1003D2D9F966F007ABF8D /* 13.mp3 in Resources */ = {isa = PBXBuildFile; fileRef = C9E100192D9F966F007ABF8D /* 13.mp3 */; };
		C9E1003E2D9F966F007ABF8D /* 29.mp3 in Resources */ = {isa = PBXBuildFile; fileRef = C9E100292D9F966F007ABF8D /* 29.mp3 */; };
		C9E1003F2D9F966F007ABF8D /* 16.mp3 in Resources */ = {isa = PBXBuildFile; fileRef = C9E1001C2D9F966F007ABF8D /* 16.mp3 */; };
		C9E100402D9F966F007ABF8D /* 23.mp3 in Resources */ = {isa = PBXBuildFile; fileRef = C9E100232D9F966F007ABF8D /* 23.mp3 */; };
		C9E100412D9F966F007ABF8D /* Go Faster.mp3 in Resources */ = {isa = PBXBuildFile; fileRef = C9E1002D2D9F966F007ABF8D /* Go Faster.mp3 */; };
		C9E100422D9F966F007ABF8D /* 05.mp3 in Resources */ = {isa = PBXBuildFile; fileRef = C9E100112D9F966F007ABF8D /* 05.mp3 */; };
		C9E100432D9F966F007ABF8D /* 09.mp3 in Resources */ = {isa = PBXBuildFile; fileRef = C9E100152D9F966F007ABF8D /* 09.mp3 */; };
		C9E100442D9F966F007ABF8D /* Go Shallower.mp3 in Resources */ = {isa = PBXBuildFile; fileRef = C9E1002E2D9F966F007ABF8D /* Go Shallower.mp3 */; };
		C9E100452D9F966F007ABF8D /* Starting Compressions.mp3 in Resources */ = {isa = PBXBuildFile; fileRef = C9E100322D9F966F007ABF8D /* Starting Compressions.mp3 */; };
		C9E100462D9F966F007ABF8D /* Give 2 Breaths.mp3 in Resources */ = {isa = PBXBuildFile; fileRef = C9E1002B2D9F966F007ABF8D /* Give 2 Breaths.mp3 */; };
		C9E100472D9F966F007ABF8D /* 26.mp3 in Resources */ = {isa = PBXBuildFile; fileRef = C9E100262D9F966F007ABF8D /* 26.mp3 */; };
		C9E100482D9F966F007ABF8D /* Pausing Compressions.mp3 in Resources */ = {isa = PBXBuildFile; fileRef = C9E1002F2D9F966F007ABF8D /* Pausing Compressions.mp3 */; };
		C9E100492D9F966F007ABF8D /* 20.mp3 in Resources */ = {isa = PBXBuildFile; fileRef = C9E100202D9F966F007ABF8D /* 20.mp3 */; };
		C9E1004A2D9F966F007ABF8D /* 01.mp3 in Resources */ = {isa = PBXBuildFile; fileRef = C9E1000D2D9F966F007ABF8D /* 01.mp3 */; };
		C9E1004B2D9F966F007ABF8D /* Go Deeper.mp3 in Resources */ = {isa = PBXBuildFile; fileRef = C9E1002C2D9F966F007ABF8D /* Go Deeper.mp3 */; };
		C9E1004C2D9F966F007ABF8D /* 03.mp3 in Resources */ = {isa = PBXBuildFile; fileRef = C9E1000F2D9F966F007ABF8D /* 03.mp3 */; };
		C9E1004D2D9F966F007ABF8D /* 08.mp3 in Resources */ = {isa = PBXBuildFile; fileRef = C9E100142D9F966F007ABF8D /* 08.mp3 */; };
		C9E1004E2D9F966F007ABF8D /* 07.mp3 in Resources */ = {isa = PBXBuildFile; fileRef = C9E100132D9F966F007ABF8D /* 07.mp3 */; };
		C9E1004F2D9F966F007ABF8D /* 10.mp3 in Resources */ = {isa = PBXBuildFile; fileRef = C9E100162D9F966F007ABF8D /* 10.mp3 */; };
		C9E100502D9F966F007ABF8D /* 25.mp3 in Resources */ = {isa = PBXBuildFile; fileRef = C9E100252D9F966F007ABF8D /* 25.mp3 */; };
		C9E100512D9F966F007ABF8D /* 15.mp3 in Resources */ = {isa = PBXBuildFile; fileRef = C9E1001B2D9F966F007ABF8D /* 15.mp3 */; };
		C9E100522D9F966F007ABF8D /* 18.mp3 in Resources */ = {isa = PBXBuildFile; fileRef = C9E1001E2D9F966F007ABF8D /* 18.mp3 */; };
		C9E100532D9F966F007ABF8D /* 14.mp3 in Resources */ = {isa = PBXBuildFile; fileRef = C9E1001A2D9F966F007ABF8D /* 14.mp3 */; };
		C9E100542D9F966F007ABF8D /* 24.mp3 in Resources */ = {isa = PBXBuildFile; fileRef = C9E100242D9F966F007ABF8D /* 24.mp3 */; };
		C9E100552D9F966F007ABF8D /* 27.mp3 in Resources */ = {isa = PBXBuildFile; fileRef = C9E100272D9F966F007ABF8D /* 27.mp3 */; };
		C9E100562D9F966F007ABF8D /* 06.mp3 in Resources */ = {isa = PBXBuildFile; fileRef = C9E100122D9F966F007ABF8D /* 06.mp3 */; };
		C9E100572D9F966F007ABF8D /* 30.mp3 in Resources */ = {isa = PBXBuildFile; fileRef = C9E1002A2D9F966F007ABF8D /* 30.mp3 */; };
		C9E100582D9F966F007ABF8D /* 12.mp3 in Resources */ = {isa = PBXBuildFile; fileRef = C9E100182D9F966F007ABF8D /* 12.mp3 */; };
		C9E100592D9F966F007ABF8D /* 11.mp3 in Resources */ = {isa = PBXBuildFile; fileRef = C9E100172D9F966F007ABF8D /* 11.mp3 */; };
		C9E1005A2D9F966F007ABF8D /* Slow Down.mp3 in Resources */ = {isa = PBXBuildFile; fileRef = C9E100312D9F966F007ABF8D /* Slow Down.mp3 */; };
		C9E1005B2D9F966F007ABF8D /* 02.mp3 in Resources */ = {isa = PBXBuildFile; fileRef = C9E1000E2D9F966F007ABF8D /* 02.mp3 */; };
		C9E1005C2D9F966F007ABF8D /* 21.mp3 in Resources */ = {isa = PBXBuildFile; fileRef = C9E100212D9F966F007ABF8D /* 21.mp3 */; };
		C9E1005D2D9F966F007ABF8D /* Use the AED.mp3 in Resources */ = {isa = PBXBuildFile; fileRef = C9E100342D9F966F007ABF8D /* Use the AED.mp3 */; };
		C9E1005F2D9F9714007ABF8D /* AudioCounter.swift in Sources */ = {isa = PBXBuildFile; fileRef = C9E1005E2D9F9714007ABF8D /* AudioCounter.swift */; };
		C9E100612D9F9940007ABF8D /* Status.swift in Sources */ = {isa = PBXBuildFile; fileRef = C9E100602D9F9940007ABF8D /* Status.swift */; };
		C9E1FFFD2D9F7806007ABF8D /* OldCPRView.swift in Sources */ = {isa = PBXBuildFile; fileRef = C9E1FFFA2D9F7806007ABF8D /* OldCPRView.swift */; };
		C9E1FFFE2D9F7806007ABF8D /* SceneDelegate.swift in Sources */ = {isa = PBXBuildFile; fileRef = C9E1FFFB2D9F7806007ABF8D /* SceneDelegate.swift */; };
		C9E1FFFF2D9F7806007ABF8D /* Preview Assets.xcassets in Resources */ = {isa = PBXBuildFile; fileRef = C9E1FFF72D9F7806007ABF8D /* Preview Assets.xcassets */; };
/* End PBXBuildFile section */

/* Begin PBXContainerItemProxy section */
		C07F37632D5FD25600F9C8BC /* PBXContainerItemProxy */ = {
			isa = PBXContainerItemProxy;
			containerPortal = C07F374A2D5FD25400F9C8BC /* Project object */;
			proxyType = 1;
			remoteGlobalIDString = C07F37512D5FD25400F9C8BC;
			remoteInfo = PulseGuideMobileApp;
		};
		C07F376D2D5FD25700F9C8BC /* PBXContainerItemProxy */ = {
			isa = PBXContainerItemProxy;
			containerPortal = C07F374A2D5FD25400F9C8BC /* Project object */;
			proxyType = 1;
			remoteGlobalIDString = C07F37512D5FD25400F9C8BC;
			remoteInfo = PulseGuideMobileApp;
		};
		C0BA21332D7A559500652CB2 /* PBXContainerItemProxy */ = {
			isa = PBXContainerItemProxy;
			containerPortal = C07F374A2D5FD25400F9C8BC /* Project object */;
			proxyType = 1;
			remoteGlobalIDString = C0BA21222D7A559300652CB2;
			remoteInfo = "PulseGuideWatchApp Watch App";
		};
		C0BA213D2D7A559500652CB2 /* PBXContainerItemProxy */ = {
			isa = PBXContainerItemProxy;
			containerPortal = C07F374A2D5FD25400F9C8BC /* Project object */;
			proxyType = 1;
			remoteGlobalIDString = C0BA21222D7A559300652CB2;
			remoteInfo = "PulseGuideWatchApp Watch App";
		};
		C0BA21442D7A559500652CB2 /* PBXContainerItemProxy */ = {
			isa = PBXContainerItemProxy;
			containerPortal = C07F374A2D5FD25400F9C8BC /* Project object */;
			proxyType = 1;
			remoteGlobalIDString = C0BA21222D7A559300652CB2;
			remoteInfo = "PulseGuideWatchApp Watch App";
		};
/* End PBXContainerItemProxy section */

/* Begin PBXCopyFilesBuildPhase section */
		C0BA21472D7A559500652CB2 /* Embed Watch Content */ = {
			isa = PBXCopyFilesBuildPhase;
			buildActionMask = 2147483647;
			dstPath = "$(CONTENTS_FOLDER_PATH)/Watch";
			dstSubfolderSpec = 16;
			files = (
				C0BA21462D7A559500652CB2 /* PulseGuideWatchApp Watch App.app in Embed Watch Content */,
			);
			name = "Embed Watch Content";
			runOnlyForDeploymentPostprocessing = 0;
		};
/* End PBXCopyFilesBuildPhase section */

/* Begin PBXFileReference section */
		C07F37522D5FD25400F9C8BC /* PulseGuideMobileApp.app */ = {isa = PBXFileReference; explicitFileType = wrapper.application; includeInIndex = 0; path = PulseGuideMobileApp.app; sourceTree = BUILT_PRODUCTS_DIR; };
		C07F37622D5FD25600F9C8BC /* PulseGuideMobileAppTests.xctest */ = {isa = PBXFileReference; explicitFileType = wrapper.cfbundle; includeInIndex = 0; path = PulseGuideMobileAppTests.xctest; sourceTree = BUILT_PRODUCTS_DIR; };
		C07F376C2D5FD25700F9C8BC /* PulseGuideMobileAppUITests.xctest */ = {isa = PBXFileReference; explicitFileType = wrapper.cfbundle; includeInIndex = 0; path = PulseGuideMobileAppUITests.xctest; sourceTree = BUILT_PRODUCTS_DIR; };
		C0BA21232D7A559300652CB2 /* PulseGuideWatchApp Watch App.app */ = {isa = PBXFileReference; explicitFileType = wrapper.application; includeInIndex = 0; path = "PulseGuideWatchApp Watch App.app"; sourceTree = BUILT_PRODUCTS_DIR; };
		C0BA21322D7A559500652CB2 /* PulseGuideWatchApp Watch AppTests.xctest */ = {isa = PBXFileReference; explicitFileType = wrapper.cfbundle; includeInIndex = 0; path = "PulseGuideWatchApp Watch AppTests.xctest"; sourceTree = BUILT_PRODUCTS_DIR; };
		C0BA213C2D7A559500652CB2 /* PulseGuideWatchApp Watch AppUITests.xctest */ = {isa = PBXFileReference; explicitFileType = wrapper.cfbundle; includeInIndex = 0; path = "PulseGuideWatchApp Watch AppUITests.xctest"; sourceTree = BUILT_PRODUCTS_DIR; };
		C9E100012D9F7A20007ABF8D /* TabView.swift */ = {isa = PBXFileReference; lastKnownFileType = sourcecode.swift; path = TabView.swift; sourceTree = "<group>"; };
		C9E100032D9F7FC0007ABF8D /* CPRStartView.swift */ = {isa = PBXFileReference; lastKnownFileType = sourcecode.swift; path = CPRStartView.swift; sourceTree = "<group>"; };
		C9E100052D9F7FD3007ABF8D /* BackgroundView.swift */ = {isa = PBXFileReference; lastKnownFileType = sourcecode.swift; path = BackgroundView.swift; sourceTree = "<group>"; };
		C9E100072D9F8AE9007ABF8D /* LiveCPRView.swift */ = {isa = PBXFileReference; lastKnownFileType = sourcecode.swift; path = LiveCPRView.swift; sourceTree = "<group>"; };
		C9E100092D9F8E72007ABF8D /* SpeechManager.swift */ = {isa = PBXFileReference; lastKnownFileType = sourcecode.swift; path = SpeechManager.swift; sourceTree = "<group>"; };
		C9E1000D2D9F966F007ABF8D /* 01.mp3 */ = {isa = PBXFileReference; lastKnownFileType = audio.mp3; path = 01.mp3; sourceTree = "<group>"; };
		C9E1000E2D9F966F007ABF8D /* 02.mp3 */ = {isa = PBXFileReference; lastKnownFileType = audio.mp3; path = 02.mp3; sourceTree = "<group>"; };
		C9E1000F2D9F966F007ABF8D /* 03.mp3 */ = {isa = PBXFileReference; lastKnownFileType = audio.mp3; path = 03.mp3; sourceTree = "<group>"; };
		C9E100102D9F966F007ABF8D /* 04.mp3 */ = {isa = PBXFileReference; lastKnownFileType = audio.mp3; path = 04.mp3; sourceTree = "<group>"; };
		C9E100112D9F966F007ABF8D /* 05.mp3 */ = {isa = PBXFileReference; lastKnownFileType = audio.mp3; path = 05.mp3; sourceTree = "<group>"; };
		C9E100122D9F966F007ABF8D /* 06.mp3 */ = {isa = PBXFileReference; lastKnownFileType = audio.mp3; path = 06.mp3; sourceTree = "<group>"; };
		C9E100132D9F966F007ABF8D /* 07.mp3 */ = {isa = PBXFileReference; lastKnownFileType = audio.mp3; path = 07.mp3; sourceTree = "<group>"; };
		C9E100142D9F966F007ABF8D /* 08.mp3 */ = {isa = PBXFileReference; lastKnownFileType = audio.mp3; path = 08.mp3; sourceTree = "<group>"; };
		C9E100152D9F966F007ABF8D /* 09.mp3 */ = {isa = PBXFileReference; lastKnownFileType = audio.mp3; path = 09.mp3; sourceTree = "<group>"; };
		C9E100162D9F966F007ABF8D /* 10.mp3 */ = {isa = PBXFileReference; lastKnownFileType = audio.mp3; path = 10.mp3; sourceTree = "<group>"; };
		C9E100172D9F966F007ABF8D /* 11.mp3 */ = {isa = PBXFileReference; lastKnownFileType = audio.mp3; path = 11.mp3; sourceTree = "<group>"; };
		C9E100182D9F966F007ABF8D /* 12.mp3 */ = {isa = PBXFileReference; lastKnownFileType = audio.mp3; path = 12.mp3; sourceTree = "<group>"; };
		C9E100192D9F966F007ABF8D /* 13.mp3 */ = {isa = PBXFileReference; lastKnownFileType = audio.mp3; path = 13.mp3; sourceTree = "<group>"; };
		C9E1001A2D9F966F007ABF8D /* 14.mp3 */ = {isa = PBXFileReference; lastKnownFileType = audio.mp3; path = 14.mp3; sourceTree = "<group>"; };
		C9E1001B2D9F966F007ABF8D /* 15.mp3 */ = {isa = PBXFileReference; lastKnownFileType = audio.mp3; path = 15.mp3; sourceTree = "<group>"; };
		C9E1001C2D9F966F007ABF8D /* 16.mp3 */ = {isa = PBXFileReference; lastKnownFileType = audio.mp3; path = 16.mp3; sourceTree = "<group>"; };
		C9E1001D2D9F966F007ABF8D /* 17.mp3 */ = {isa = PBXFileReference; lastKnownFileType = audio.mp3; path = 17.mp3; sourceTree = "<group>"; };
		C9E1001E2D9F966F007ABF8D /* 18.mp3 */ = {isa = PBXFileReference; lastKnownFileType = audio.mp3; path = 18.mp3; sourceTree = "<group>"; };
		C9E1001F2D9F966F007ABF8D /* 19.mp3 */ = {isa = PBXFileReference; lastKnownFileType = audio.mp3; path = 19.mp3; sourceTree = "<group>"; };
		C9E100202D9F966F007ABF8D /* 20.mp3 */ = {isa = PBXFileReference; lastKnownFileType = audio.mp3; path = 20.mp3; sourceTree = "<group>"; };
		C9E100212D9F966F007ABF8D /* 21.mp3 */ = {isa = PBXFileReference; lastKnownFileType = audio.mp3; path = 21.mp3; sourceTree = "<group>"; };
		C9E100222D9F966F007ABF8D /* 22.mp3 */ = {isa = PBXFileReference; lastKnownFileType = audio.mp3; path = 22.mp3; sourceTree = "<group>"; };
		C9E100232D9F966F007ABF8D /* 23.mp3 */ = {isa = PBXFileReference; lastKnownFileType = audio.mp3; path = 23.mp3; sourceTree = "<group>"; };
		C9E100242D9F966F007ABF8D /* 24.mp3 */ = {isa = PBXFileReference; lastKnownFileType = audio.mp3; path = 24.mp3; sourceTree = "<group>"; };
		C9E100252D9F966F007ABF8D /* 25.mp3 */ = {isa = PBXFileReference; lastKnownFileType = audio.mp3; path = 25.mp3; sourceTree = "<group>"; };
		C9E100262D9F966F007ABF8D /* 26.mp3 */ = {isa = PBXFileReference; lastKnownFileType = audio.mp3; path = 26.mp3; sourceTree = "<group>"; };
		C9E100272D9F966F007ABF8D /* 27.mp3 */ = {isa = PBXFileReference; lastKnownFileType = audio.mp3; path = 27.mp3; sourceTree = "<group>"; };
		C9E100282D9F966F007ABF8D /* 28.mp3 */ = {isa = PBXFileReference; lastKnownFileType = audio.mp3; path = 28.mp3; sourceTree = "<group>"; };
		C9E100292D9F966F007ABF8D /* 29.mp3 */ = {isa = PBXFileReference; lastKnownFileType = audio.mp3; path = 29.mp3; sourceTree = "<group>"; };
		C9E1002A2D9F966F007ABF8D /* 30.mp3 */ = {isa = PBXFileReference; lastKnownFileType = audio.mp3; path = 30.mp3; sourceTree = "<group>"; };
		C9E1002B2D9F966F007ABF8D /* Give 2 Breaths.mp3 */ = {isa = PBXFileReference; lastKnownFileType = audio.mp3; path = "Give 2 Breaths.mp3"; sourceTree = "<group>"; };
		C9E1002C2D9F966F007ABF8D /* Go Deeper.mp3 */ = {isa = PBXFileReference; lastKnownFileType = audio.mp3; path = "Go Deeper.mp3"; sourceTree = "<group>"; };
		C9E1002D2D9F966F007ABF8D /* Go Faster.mp3 */ = {isa = PBXFileReference; lastKnownFileType = audio.mp3; path = "Go Faster.mp3"; sourceTree = "<group>"; };
		C9E1002E2D9F966F007ABF8D /* Go Shallower.mp3 */ = {isa = PBXFileReference; lastKnownFileType = audio.mp3; path = "Go Shallower.mp3"; sourceTree = "<group>"; };
		C9E1002F2D9F966F007ABF8D /* Pausing Compressions.mp3 */ = {isa = PBXFileReference; lastKnownFileType = audio.mp3; path = "Pausing Compressions.mp3"; sourceTree = "<group>"; };
		C9E100302D9F966F007ABF8D /* Resume Compressions.mp3 */ = {isa = PBXFileReference; lastKnownFileType = audio.mp3; path = "Resume Compressions.mp3"; sourceTree = "<group>"; };
		C9E100312D9F966F007ABF8D /* Slow Down.mp3 */ = {isa = PBXFileReference; lastKnownFileType = audio.mp3; path = "Slow Down.mp3"; sourceTree = "<group>"; };
		C9E100322D9F966F007ABF8D /* Starting Compressions.mp3 */ = {isa = PBXFileReference; lastKnownFileType = audio.mp3; path = "Starting Compressions.mp3"; sourceTree = "<group>"; };
		C9E100332D9F966F007ABF8D /* Switch Off.mp3 */ = {isa = PBXFileReference; lastKnownFileType = audio.mp3; path = "Switch Off.mp3"; sourceTree = "<group>"; };
		C9E100342D9F966F007ABF8D /* Use the AED.mp3 */ = {isa = PBXFileReference; lastKnownFileType = audio.mp3; path = "Use the AED.mp3"; sourceTree = "<group>"; };
		C9E1005E2D9F9714007ABF8D /* AudioCounter.swift */ = {isa = PBXFileReference; lastKnownFileType = sourcecode.swift; path = AudioCounter.swift; sourceTree = "<group>"; };
		C9E100602D9F9940007ABF8D /* Status.swift */ = {isa = PBXFileReference; lastKnownFileType = sourcecode.swift; path = Status.swift; sourceTree = "<group>"; };
		C9E1FFF72D9F7806007ABF8D /* Preview Assets.xcassets */ = {isa = PBXFileReference; lastKnownFileType = folder.assetcatalog; path = "Preview Assets.xcassets"; sourceTree = "<group>"; };
		C9E1FFF92D9F7806007ABF8D /* Assets.xcassets */ = {isa = PBXFileReference; lastKnownFileType = folder.assetcatalog; path = Assets.xcassets; sourceTree = "<group>"; };
		C9E1FFFA2D9F7806007ABF8D /* OldCPRView.swift */ = {isa = PBXFileReference; lastKnownFileType = sourcecode.swift; path = OldCPRView.swift; sourceTree = "<group>"; };
		C9E1FFFB2D9F7806007ABF8D /* SceneDelegate.swift */ = {isa = PBXFileReference; lastKnownFileType = sourcecode.swift; path = SceneDelegate.swift; sourceTree = "<group>"; };
/* End PBXFileReference section */

/* Begin PBXFileSystemSynchronizedRootGroup section */
		C07F37652D5FD25600F9C8BC /* PulseGuideMobileAppTests */ = {
			isa = PBXFileSystemSynchronizedRootGroup;
			path = PulseGuideMobileAppTests;
			sourceTree = "<group>";
		};
		C07F376F2D5FD25700F9C8BC /* PulseGuideMobileAppUITests */ = {
			isa = PBXFileSystemSynchronizedRootGroup;
			path = PulseGuideMobileAppUITests;
			sourceTree = "<group>";
		};
		C0BA21242D7A559300652CB2 /* PulseGuideWatchApp Watch App */ = {
			isa = PBXFileSystemSynchronizedRootGroup;
			path = "PulseGuideWatchApp Watch App";
			sourceTree = "<group>";
		};
		C0BA21352D7A559500652CB2 /* PulseGuideWatchApp Watch AppTests */ = {
			isa = PBXFileSystemSynchronizedRootGroup;
			path = "PulseGuideWatchApp Watch AppTests";
			sourceTree = "<group>";
		};
		C0BA213F2D7A559500652CB2 /* PulseGuideWatchApp Watch AppUITests */ = {
			isa = PBXFileSystemSynchronizedRootGroup;
			path = "PulseGuideWatchApp Watch AppUITests";
			sourceTree = "<group>";
		};
/* End PBXFileSystemSynchronizedRootGroup section */

/* Begin PBXFrameworksBuildPhase section */
		C07F374F2D5FD25400F9C8BC /* Frameworks */ = {
			isa = PBXFrameworksBuildPhase;
			buildActionMask = 2147483647;
			files = (
			);
			runOnlyForDeploymentPostprocessing = 0;
		};
		C07F375F2D5FD25600F9C8BC /* Frameworks */ = {
			isa = PBXFrameworksBuildPhase;
			buildActionMask = 2147483647;
			files = (
			);
			runOnlyForDeploymentPostprocessing = 0;
		};
		C07F37692D5FD25700F9C8BC /* Frameworks */ = {
			isa = PBXFrameworksBuildPhase;
			buildActionMask = 2147483647;
			files = (
			);
			runOnlyForDeploymentPostprocessing = 0;
		};
		C0BA21202D7A559300652CB2 /* Frameworks */ = {
			isa = PBXFrameworksBuildPhase;
			buildActionMask = 2147483647;
			files = (
			);
			runOnlyForDeploymentPostprocessing = 0;
		};
		C0BA212F2D7A559500652CB2 /* Frameworks */ = {
			isa = PBXFrameworksBuildPhase;
			buildActionMask = 2147483647;
			files = (
			);
			runOnlyForDeploymentPostprocessing = 0;
		};
		C0BA21392D7A559500652CB2 /* Frameworks */ = {
			isa = PBXFrameworksBuildPhase;
			buildActionMask = 2147483647;
			files = (
			);
			runOnlyForDeploymentPostprocessing = 0;
		};
/* End PBXFrameworksBuildPhase section */

/* Begin PBXGroup section */
		C07F37492D5FD25400F9C8BC = {
			isa = PBXGroup;
			children = (
				C9E1FFFC2D9F7806007ABF8D /* PulseGuideMobileApp */,
				C9E1FFF92D9F7806007ABF8D /* Assets.xcassets */,
				C9E100352D9F966F007ABF8D /* Audio Files */,
				C07F37652D5FD25600F9C8BC /* PulseGuideMobileAppTests */,
				C07F376F2D5FD25700F9C8BC /* PulseGuideMobileAppUITests */,
				C0BA21242D7A559300652CB2 /* PulseGuideWatchApp Watch App */,
				C0BA21352D7A559500652CB2 /* PulseGuideWatchApp Watch AppTests */,
				C0BA213F2D7A559500652CB2 /* PulseGuideWatchApp Watch AppUITests */,
				C07F37532D5FD25400F9C8BC /* Products */,
			);
			sourceTree = "<group>";
		};
		C07F37532D5FD25400F9C8BC /* Products */ = {
			isa = PBXGroup;
			children = (
				C07F37522D5FD25400F9C8BC /* PulseGuideMobileApp.app */,
				C07F37622D5FD25600F9C8BC /* PulseGuideMobileAppTests.xctest */,
				C07F376C2D5FD25700F9C8BC /* PulseGuideMobileAppUITests.xctest */,
				C0BA21232D7A559300652CB2 /* PulseGuideWatchApp Watch App.app */,
				C0BA21322D7A559500652CB2 /* PulseGuideWatchApp Watch AppTests.xctest */,
				C0BA213C2D7A559500652CB2 /* PulseGuideWatchApp Watch AppUITests.xctest */,
			);
			name = Products;
			sourceTree = "<group>";
		};
		C9E100352D9F966F007ABF8D /* Audio Files */ = {
			isa = PBXGroup;
			children = (
				C9E1000D2D9F966F007ABF8D /* 01.mp3 */,
				C9E1000E2D9F966F007ABF8D /* 02.mp3 */,
				C9E1000F2D9F966F007ABF8D /* 03.mp3 */,
				C9E100102D9F966F007ABF8D /* 04.mp3 */,
				C9E100112D9F966F007ABF8D /* 05.mp3 */,
				C9E100122D9F966F007ABF8D /* 06.mp3 */,
				C9E100132D9F966F007ABF8D /* 07.mp3 */,
				C9E100142D9F966F007ABF8D /* 08.mp3 */,
				C9E100152D9F966F007ABF8D /* 09.mp3 */,
				C9E100162D9F966F007ABF8D /* 10.mp3 */,
				C9E100172D9F966F007ABF8D /* 11.mp3 */,
				C9E100182D9F966F007ABF8D /* 12.mp3 */,
				C9E100192D9F966F007ABF8D /* 13.mp3 */,
				C9E1001A2D9F966F007ABF8D /* 14.mp3 */,
				C9E1001B2D9F966F007ABF8D /* 15.mp3 */,
				C9E1001C2D9F966F007ABF8D /* 16.mp3 */,
				C9E1001D2D9F966F007ABF8D /* 17.mp3 */,
				C9E1001E2D9F966F007ABF8D /* 18.mp3 */,
				C9E1001F2D9F966F007ABF8D /* 19.mp3 */,
				C9E100202D9F966F007ABF8D /* 20.mp3 */,
				C9E100212D9F966F007ABF8D /* 21.mp3 */,
				C9E100222D9F966F007ABF8D /* 22.mp3 */,
				C9E100232D9F966F007ABF8D /* 23.mp3 */,
				C9E100242D9F966F007ABF8D /* 24.mp3 */,
				C9E100252D9F966F007ABF8D /* 25.mp3 */,
				C9E100262D9F966F007ABF8D /* 26.mp3 */,
				C9E100272D9F966F007ABF8D /* 27.mp3 */,
				C9E100282D9F966F007ABF8D /* 28.mp3 */,
				C9E100292D9F966F007ABF8D /* 29.mp3 */,
				C9E1002A2D9F966F007ABF8D /* 30.mp3 */,
				C9E1002B2D9F966F007ABF8D /* Give 2 Breaths.mp3 */,
				C9E1002C2D9F966F007ABF8D /* Go Deeper.mp3 */,
				C9E1002D2D9F966F007ABF8D /* Go Faster.mp3 */,
				C9E1002E2D9F966F007ABF8D /* Go Shallower.mp3 */,
				C9E1002F2D9F966F007ABF8D /* Pausing Compressions.mp3 */,
				C9E100302D9F966F007ABF8D /* Resume Compressions.mp3 */,
				C9E100312D9F966F007ABF8D /* Slow Down.mp3 */,
				C9E100322D9F966F007ABF8D /* Starting Compressions.mp3 */,
				C9E100332D9F966F007ABF8D /* Switch Off.mp3 */,
				C9E100342D9F966F007ABF8D /* Use the AED.mp3 */,
			);
			path = "Audio Files";
			sourceTree = "<group>";
		};
		C9E1FFF82D9F7806007ABF8D /* Preview Content */ = {
			isa = PBXGroup;
			children = (
				C9E1FFF72D9F7806007ABF8D /* Preview Assets.xcassets */,
			);
			path = "Preview Content";
			sourceTree = "<group>";
		};
		C9E1FFFC2D9F7806007ABF8D /* PulseGuideMobileApp */ = {
			isa = PBXGroup;
			children = (
				C9E1FFFA2D9F7806007ABF8D /* OldCPRView.swift */,
				C9E1005E2D9F9714007ABF8D /* AudioCounter.swift */,
				C9E100012D9F7A20007ABF8D /* TabView.swift */,
				C9E100032D9F7FC0007ABF8D /* CPRStartView.swift */,
				C9E100072D9F8AE9007ABF8D /* LiveCPRView.swift */,
				C9E100052D9F7FD3007ABF8D /* BackgroundView.swift */,
				C9E1FFFB2D9F7806007ABF8D /* SceneDelegate.swift */,
				C9E1FFF82D9F7806007ABF8D /* Preview Content */,
				C9E100092D9F8E72007ABF8D /* SpeechManager.swift */,
				C9E100602D9F9940007ABF8D /* Status.swift */,
			);
			path = PulseGuideMobileApp;
			sourceTree = "<group>";
		};
/* End PBXGroup section */

/* Begin PBXNativeTarget section */
		C07F37512D5FD25400F9C8BC /* PulseGuideMobileApp */ = {
			isa = PBXNativeTarget;
			buildConfigurationList = C07F37762D5FD25700F9C8BC /* Build configuration list for PBXNativeTarget "PulseGuideMobileApp" */;
			buildPhases = (
				C07F374E2D5FD25400F9C8BC /* Sources */,
				C07F374F2D5FD25400F9C8BC /* Frameworks */,
				C07F37502D5FD25400F9C8BC /* Resources */,
				C0BA21472D7A559500652CB2 /* Embed Watch Content */,
			);
			buildRules = (
			);
			dependencies = (
				C0BA21452D7A559500652CB2 /* PBXTargetDependency */,
			);
			name = PulseGuideMobileApp;
			packageProductDependencies = (
			);
			productName = PulseGuideMobileApp;
			productReference = C07F37522D5FD25400F9C8BC /* PulseGuideMobileApp.app */;
			productType = "com.apple.product-type.application";
		};
		C07F37612D5FD25600F9C8BC /* PulseGuideMobileAppTests */ = {
			isa = PBXNativeTarget;
			buildConfigurationList = C07F37792D5FD25700F9C8BC /* Build configuration list for PBXNativeTarget "PulseGuideMobileAppTests" */;
			buildPhases = (
				C07F375E2D5FD25600F9C8BC /* Sources */,
				C07F375F2D5FD25600F9C8BC /* Frameworks */,
				C07F37602D5FD25600F9C8BC /* Resources */,
			);
			buildRules = (
			);
			dependencies = (
				C07F37642D5FD25600F9C8BC /* PBXTargetDependency */,
			);
			fileSystemSynchronizedGroups = (
				C07F37652D5FD25600F9C8BC /* PulseGuideMobileAppTests */,
			);
			name = PulseGuideMobileAppTests;
			packageProductDependencies = (
			);
			productName = PulseGuideMobileAppTests;
			productReference = C07F37622D5FD25600F9C8BC /* PulseGuideMobileAppTests.xctest */;
			productType = "com.apple.product-type.bundle.unit-test";
		};
		C07F376B2D5FD25700F9C8BC /* PulseGuideMobileAppUITests */ = {
			isa = PBXNativeTarget;
			buildConfigurationList = C07F377C2D5FD25700F9C8BC /* Build configuration list for PBXNativeTarget "PulseGuideMobileAppUITests" */;
			buildPhases = (
				C07F37682D5FD25700F9C8BC /* Sources */,
				C07F37692D5FD25700F9C8BC /* Frameworks */,
				C07F376A2D5FD25700F9C8BC /* Resources */,
			);
			buildRules = (
			);
			dependencies = (
				C07F376E2D5FD25700F9C8BC /* PBXTargetDependency */,
			);
			fileSystemSynchronizedGroups = (
				C07F376F2D5FD25700F9C8BC /* PulseGuideMobileAppUITests */,
			);
			name = PulseGuideMobileAppUITests;
			packageProductDependencies = (
			);
			productName = PulseGuideMobileAppUITests;
			productReference = C07F376C2D5FD25700F9C8BC /* PulseGuideMobileAppUITests.xctest */;
			productType = "com.apple.product-type.bundle.ui-testing";
		};
		C0BA21222D7A559300652CB2 /* PulseGuideWatchApp Watch App */ = {
			isa = PBXNativeTarget;
			buildConfigurationList = C0BA214E2D7A559500652CB2 /* Build configuration list for PBXNativeTarget "PulseGuideWatchApp Watch App" */;
			buildPhases = (
				C0BA211F2D7A559300652CB2 /* Sources */,
				C0BA21202D7A559300652CB2 /* Frameworks */,
				C0BA21212D7A559300652CB2 /* Resources */,
			);
			buildRules = (
			);
			dependencies = (
			);
			fileSystemSynchronizedGroups = (
				C0BA21242D7A559300652CB2 /* PulseGuideWatchApp Watch App */,
			);
			name = "PulseGuideWatchApp Watch App";
			packageProductDependencies = (
			);
			productName = "PulseGuideWatchApp Watch App";
			productReference = C0BA21232D7A559300652CB2 /* PulseGuideWatchApp Watch App.app */;
			productType = "com.apple.product-type.application";
		};
		C0BA21312D7A559500652CB2 /* PulseGuideWatchApp Watch AppTests */ = {
			isa = PBXNativeTarget;
			buildConfigurationList = C0BA214F2D7A559500652CB2 /* Build configuration list for PBXNativeTarget "PulseGuideWatchApp Watch AppTests" */;
			buildPhases = (
				C0BA212E2D7A559500652CB2 /* Sources */,
				C0BA212F2D7A559500652CB2 /* Frameworks */,
				C0BA21302D7A559500652CB2 /* Resources */,
			);
			buildRules = (
			);
			dependencies = (
				C0BA21342D7A559500652CB2 /* PBXTargetDependency */,
			);
			fileSystemSynchronizedGroups = (
				C0BA21352D7A559500652CB2 /* PulseGuideWatchApp Watch AppTests */,
			);
			name = "PulseGuideWatchApp Watch AppTests";
			packageProductDependencies = (
			);
			productName = "PulseGuideWatchApp Watch AppTests";
			productReference = C0BA21322D7A559500652CB2 /* PulseGuideWatchApp Watch AppTests.xctest */;
			productType = "com.apple.product-type.bundle.unit-test";
		};
		C0BA213B2D7A559500652CB2 /* PulseGuideWatchApp Watch AppUITests */ = {
			isa = PBXNativeTarget;
			buildConfigurationList = C0BA21502D7A559500652CB2 /* Build configuration list for PBXNativeTarget "PulseGuideWatchApp Watch AppUITests" */;
			buildPhases = (
				C0BA21382D7A559500652CB2 /* Sources */,
				C0BA21392D7A559500652CB2 /* Frameworks */,
				C0BA213A2D7A559500652CB2 /* Resources */,
			);
			buildRules = (
			);
			dependencies = (
				C0BA213E2D7A559500652CB2 /* PBXTargetDependency */,
			);
			fileSystemSynchronizedGroups = (
				C0BA213F2D7A559500652CB2 /* PulseGuideWatchApp Watch AppUITests */,
			);
			name = "PulseGuideWatchApp Watch AppUITests";
			packageProductDependencies = (
			);
			productName = "PulseGuideWatchApp Watch AppUITests";
			productReference = C0BA213C2D7A559500652CB2 /* PulseGuideWatchApp Watch AppUITests.xctest */;
			productType = "com.apple.product-type.bundle.ui-testing";
		};
/* End PBXNativeTarget section */

/* Begin PBXProject section */
		C07F374A2D5FD25400F9C8BC /* Project object */ = {
			isa = PBXProject;
			attributes = {
				BuildIndependentTargetsInParallel = 1;
				LastSwiftUpdateCheck = 1610;
				LastUpgradeCheck = 1630;
				TargetAttributes = {
					C07F37512D5FD25400F9C8BC = {
						CreatedOnToolsVersion = 16.1;
					};
					C07F37612D5FD25600F9C8BC = {
						CreatedOnToolsVersion = 16.1;
						TestTargetID = C07F37512D5FD25400F9C8BC;
					};
					C07F376B2D5FD25700F9C8BC = {
						CreatedOnToolsVersion = 16.1;
						TestTargetID = C07F37512D5FD25400F9C8BC;
					};
					C0BA21222D7A559300652CB2 = {
						CreatedOnToolsVersion = 16.1;
					};
					C0BA21312D7A559500652CB2 = {
						CreatedOnToolsVersion = 16.1;
						TestTargetID = C0BA21222D7A559300652CB2;
					};
					C0BA213B2D7A559500652CB2 = {
						CreatedOnToolsVersion = 16.1;
						TestTargetID = C0BA21222D7A559300652CB2;
					};
				};
			};
			buildConfigurationList = C07F374D2D5FD25400F9C8BC /* Build configuration list for PBXProject "PulseGuideMobileApp" */;
			developmentRegion = en;
			hasScannedForEncodings = 0;
			knownRegions = (
				en,
				Base,
			);
			mainGroup = C07F37492D5FD25400F9C8BC;
			minimizedProjectReferenceProxies = 1;
			preferredProjectObjectVersion = 77;
			productRefGroup = C07F37532D5FD25400F9C8BC /* Products */;
			projectDirPath = "";
			projectRoot = "";
			targets = (
				C07F37512D5FD25400F9C8BC /* PulseGuideMobileApp */,
				C07F37612D5FD25600F9C8BC /* PulseGuideMobileAppTests */,
				C07F376B2D5FD25700F9C8BC /* PulseGuideMobileAppUITests */,
				C0BA21222D7A559300652CB2 /* PulseGuideWatchApp Watch App */,
				C0BA21312D7A559500652CB2 /* PulseGuideWatchApp Watch AppTests */,
				C0BA213B2D7A559500652CB2 /* PulseGuideWatchApp Watch AppUITests */,
			);
		};
/* End PBXProject section */

/* Begin PBXResourcesBuildPhase section */
		C07F37502D5FD25400F9C8BC /* Resources */ = {
			isa = PBXResourcesBuildPhase;
			buildActionMask = 2147483647;
			files = (
				C9E1FFFF2D9F7806007ABF8D /* Preview Assets.xcassets in Resources */,
				C9E100362D9F966F007ABF8D /* 28.mp3 in Resources */,
				C9E100372D9F966F007ABF8D /* 19.mp3 in Resources */,
				C9E100382D9F966F007ABF8D /* Switch Off.mp3 in Resources */,
				C9E100392D9F966F007ABF8D /* Resume Compressions.mp3 in Resources */,
				C9E1003A2D9F966F007ABF8D /* 17.mp3 in Resources */,
				C9E1003B2D9F966F007ABF8D /* 04.mp3 in Resources */,
				C9E1003C2D9F966F007ABF8D /* 22.mp3 in Resources */,
				C9E1003D2D9F966F007ABF8D /* 13.mp3 in Resources */,
				C9E1003E2D9F966F007ABF8D /* 29.mp3 in Resources */,
				C9E1003F2D9F966F007ABF8D /* 16.mp3 in Resources */,
				C9E100402D9F966F007ABF8D /* 23.mp3 in Resources */,
				C9E100412D9F966F007ABF8D /* Go Faster.mp3 in Resources */,
				C9E100422D9F966F007ABF8D /* 05.mp3 in Resources */,
				C9E100432D9F966F007ABF8D /* 09.mp3 in Resources */,
				C9E100442D9F966F007ABF8D /* Go Shallower.mp3 in Resources */,
				C9E100452D9F966F007ABF8D /* Starting Compressions.mp3 in Resources */,
				C9E100462D9F966F007ABF8D /* Give 2 Breaths.mp3 in Resources */,
				C9E100472D9F966F007ABF8D /* 26.mp3 in Resources */,
				C9E100482D9F966F007ABF8D /* Pausing Compressions.mp3 in Resources */,
				C9E100492D9F966F007ABF8D /* 20.mp3 in Resources */,
				C9E1004A2D9F966F007ABF8D /* 01.mp3 in Resources */,
				C9E1004B2D9F966F007ABF8D /* Go Deeper.mp3 in Resources */,
				C9E1004C2D9F966F007ABF8D /* 03.mp3 in Resources */,
				C9E1004D2D9F966F007ABF8D /* 08.mp3 in Resources */,
				C9E1004E2D9F966F007ABF8D /* 07.mp3 in Resources */,
				C9E1004F2D9F966F007ABF8D /* 10.mp3 in Resources */,
				C9E100502D9F966F007ABF8D /* 25.mp3 in Resources */,
				C9E100512D9F966F007ABF8D /* 15.mp3 in Resources */,
				C9E100522D9F966F007ABF8D /* 18.mp3 in Resources */,
				C9E100532D9F966F007ABF8D /* 14.mp3 in Resources */,
				C9E100542D9F966F007ABF8D /* 24.mp3 in Resources */,
				C9E100552D9F966F007ABF8D /* 27.mp3 in Resources */,
				C9E100562D9F966F007ABF8D /* 06.mp3 in Resources */,
				C9E100572D9F966F007ABF8D /* 30.mp3 in Resources */,
				C9E100582D9F966F007ABF8D /* 12.mp3 in Resources */,
				C9E100592D9F966F007ABF8D /* 11.mp3 in Resources */,
				C9E1005A2D9F966F007ABF8D /* Slow Down.mp3 in Resources */,
				C9E1005B2D9F966F007ABF8D /* 02.mp3 in Resources */,
				C9E1005C2D9F966F007ABF8D /* 21.mp3 in Resources */,
				C9E1005D2D9F966F007ABF8D /* Use the AED.mp3 in Resources */,
				C9E100002D9F7806007ABF8D /* Assets.xcassets in Resources */,
			);
			runOnlyForDeploymentPostprocessing = 0;
		};
		C07F37602D5FD25600F9C8BC /* Resources */ = {
			isa = PBXResourcesBuildPhase;
			buildActionMask = 2147483647;
			files = (
			);
			runOnlyForDeploymentPostprocessing = 0;
		};
		C07F376A2D5FD25700F9C8BC /* Resources */ = {
			isa = PBXResourcesBuildPhase;
			buildActionMask = 2147483647;
			files = (
			);
			runOnlyForDeploymentPostprocessing = 0;
		};
		C0BA21212D7A559300652CB2 /* Resources */ = {
			isa = PBXResourcesBuildPhase;
			buildActionMask = 2147483647;
			files = (
			);
			runOnlyForDeploymentPostprocessing = 0;
		};
		C0BA21302D7A559500652CB2 /* Resources */ = {
			isa = PBXResourcesBuildPhase;
			buildActionMask = 2147483647;
			files = (
			);
			runOnlyForDeploymentPostprocessing = 0;
		};
		C0BA213A2D7A559500652CB2 /* Resources */ = {
			isa = PBXResourcesBuildPhase;
			buildActionMask = 2147483647;
			files = (
			);
			runOnlyForDeploymentPostprocessing = 0;
		};
/* End PBXResourcesBuildPhase section */

/* Begin PBXSourcesBuildPhase section */
		C07F374E2D5FD25400F9C8BC /* Sources */ = {
			isa = PBXSourcesBuildPhase;
			buildActionMask = 2147483647;
			files = (
				C9E100062D9F7FD3007ABF8D /* BackgroundView.swift in Sources */,
				C9E100022D9F7A20007ABF8D /* TabView.swift in Sources */,
				C9E100082D9F8AE9007ABF8D /* LiveCPRView.swift in Sources */,
				C9E1FFFD2D9F7806007ABF8D /* OldCPRView.swift in Sources */,
				C9E1005F2D9F9714007ABF8D /* AudioCounter.swift in Sources */,
				C9E100612D9F9940007ABF8D /* Status.swift in Sources */,
				C9E1FFFE2D9F7806007ABF8D /* SceneDelegate.swift in Sources */,
				C9E100042D9F7FC0007ABF8D /* CPRStartView.swift in Sources */,
				C9E1000A2D9F8E72007ABF8D /* SpeechManager.swift in Sources */,
			);
			runOnlyForDeploymentPostprocessing = 0;
		};
		C07F375E2D5FD25600F9C8BC /* Sources */ = {
			isa = PBXSourcesBuildPhase;
			buildActionMask = 2147483647;
			files = (
			);
			runOnlyForDeploymentPostprocessing = 0;
		};
		C07F37682D5FD25700F9C8BC /* Sources */ = {
			isa = PBXSourcesBuildPhase;
			buildActionMask = 2147483647;
			files = (
			);
			runOnlyForDeploymentPostprocessing = 0;
		};
		C0BA211F2D7A559300652CB2 /* Sources */ = {
			isa = PBXSourcesBuildPhase;
			buildActionMask = 2147483647;
			files = (
			);
			runOnlyForDeploymentPostprocessing = 0;
		};
		C0BA212E2D7A559500652CB2 /* Sources */ = {
			isa = PBXSourcesBuildPhase;
			buildActionMask = 2147483647;
			files = (
			);
			runOnlyForDeploymentPostprocessing = 0;
		};
		C0BA21382D7A559500652CB2 /* Sources */ = {
			isa = PBXSourcesBuildPhase;
			buildActionMask = 2147483647;
			files = (
			);
			runOnlyForDeploymentPostprocessing = 0;
		};
/* End PBXSourcesBuildPhase section */

/* Begin PBXTargetDependency section */
		C07F37642D5FD25600F9C8BC /* PBXTargetDependency */ = {
			isa = PBXTargetDependency;
			target = C07F37512D5FD25400F9C8BC /* PulseGuideMobileApp */;
			targetProxy = C07F37632D5FD25600F9C8BC /* PBXContainerItemProxy */;
		};
		C07F376E2D5FD25700F9C8BC /* PBXTargetDependency */ = {
			isa = PBXTargetDependency;
			target = C07F37512D5FD25400F9C8BC /* PulseGuideMobileApp */;
			targetProxy = C07F376D2D5FD25700F9C8BC /* PBXContainerItemProxy */;
		};
		C0BA21342D7A559500652CB2 /* PBXTargetDependency */ = {
			isa = PBXTargetDependency;
			target = C0BA21222D7A559300652CB2 /* PulseGuideWatchApp Watch App */;
			targetProxy = C0BA21332D7A559500652CB2 /* PBXContainerItemProxy */;
		};
		C0BA213E2D7A559500652CB2 /* PBXTargetDependency */ = {
			isa = PBXTargetDependency;
			target = C0BA21222D7A559300652CB2 /* PulseGuideWatchApp Watch App */;
			targetProxy = C0BA213D2D7A559500652CB2 /* PBXContainerItemProxy */;
		};
		C0BA21452D7A559500652CB2 /* PBXTargetDependency */ = {
			isa = PBXTargetDependency;
			target = C0BA21222D7A559300652CB2 /* PulseGuideWatchApp Watch App */;
			targetProxy = C0BA21442D7A559500652CB2 /* PBXContainerItemProxy */;
		};
/* End PBXTargetDependency section */

/* Begin XCBuildConfiguration section */
		C07F37742D5FD25700F9C8BC /* Debug */ = {
			isa = XCBuildConfiguration;
			buildSettings = {
				ALWAYS_SEARCH_USER_PATHS = NO;
				ASSETCATALOG_COMPILER_GENERATE_SWIFT_ASSET_SYMBOL_EXTENSIONS = YES;
				CLANG_ANALYZER_NONNULL = YES;
				CLANG_ANALYZER_NUMBER_OBJECT_CONVERSION = YES_AGGRESSIVE;
				CLANG_CXX_LANGUAGE_STANDARD = "gnu++20";
				CLANG_ENABLE_MODULES = YES;
				CLANG_ENABLE_OBJC_ARC = YES;
				CLANG_ENABLE_OBJC_WEAK = YES;
				CLANG_WARN_BLOCK_CAPTURE_AUTORELEASING = YES;
				CLANG_WARN_BOOL_CONVERSION = YES;
				CLANG_WARN_COMMA = YES;
				CLANG_WARN_CONSTANT_CONVERSION = YES;
				CLANG_WARN_DEPRECATED_OBJC_IMPLEMENTATIONS = YES;
				CLANG_WARN_DIRECT_OBJC_ISA_USAGE = YES_ERROR;
				CLANG_WARN_DOCUMENTATION_COMMENTS = YES;
				CLANG_WARN_EMPTY_BODY = YES;
				CLANG_WARN_ENUM_CONVERSION = YES;
				CLANG_WARN_INFINITE_RECURSION = YES;
				CLANG_WARN_INT_CONVERSION = YES;
				CLANG_WARN_NON_LITERAL_NULL_CONVERSION = YES;
				CLANG_WARN_OBJC_IMPLICIT_RETAIN_SELF = YES;
				CLANG_WARN_OBJC_LITERAL_CONVERSION = YES;
				CLANG_WARN_OBJC_ROOT_CLASS = YES_ERROR;
				CLANG_WARN_QUOTED_INCLUDE_IN_FRAMEWORK_HEADER = YES;
				CLANG_WARN_RANGE_LOOP_ANALYSIS = YES;
				CLANG_WARN_STRICT_PROTOTYPES = YES;
				CLANG_WARN_SUSPICIOUS_MOVE = YES;
				CLANG_WARN_UNGUARDED_AVAILABILITY = YES_AGGRESSIVE;
				CLANG_WARN_UNREACHABLE_CODE = YES;
				CLANG_WARN__DUPLICATE_METHOD_MATCH = YES;
				COPY_PHASE_STRIP = NO;
				DEBUG_INFORMATION_FORMAT = dwarf;
				ENABLE_STRICT_OBJC_MSGSEND = YES;
				ENABLE_TESTABILITY = YES;
				ENABLE_USER_SCRIPT_SANDBOXING = YES;
				GCC_C_LANGUAGE_STANDARD = gnu17;
				GCC_DYNAMIC_NO_PIC = NO;
				GCC_NO_COMMON_BLOCKS = YES;
				GCC_OPTIMIZATION_LEVEL = 0;
				GCC_PREPROCESSOR_DEFINITIONS = (
					"DEBUG=1",
					"$(inherited)",
				);
				GCC_WARN_64_TO_32_BIT_CONVERSION = YES;
				GCC_WARN_ABOUT_RETURN_TYPE = YES_ERROR;
				GCC_WARN_UNDECLARED_SELECTOR = YES;
				GCC_WARN_UNINITIALIZED_AUTOS = YES_AGGRESSIVE;
				GCC_WARN_UNUSED_FUNCTION = YES;
				GCC_WARN_UNUSED_VARIABLE = YES;
				IPHONEOS_DEPLOYMENT_TARGET = 18.1;
				LOCALIZATION_PREFERS_STRING_CATALOGS = YES;
				MTL_ENABLE_DEBUG_INFO = INCLUDE_SOURCE;
				MTL_FAST_MATH = YES;
				ONLY_ACTIVE_ARCH = YES;
				SDKROOT = iphoneos;
				SWIFT_ACTIVE_COMPILATION_CONDITIONS = "DEBUG $(inherited)";
				SWIFT_OPTIMIZATION_LEVEL = "-Onone";
			};
			name = Debug;
		};
		C07F37752D5FD25700F9C8BC /* Release */ = {
			isa = XCBuildConfiguration;
			buildSettings = {
				ALWAYS_SEARCH_USER_PATHS = NO;
				ASSETCATALOG_COMPILER_GENERATE_SWIFT_ASSET_SYMBOL_EXTENSIONS = YES;
				CLANG_ANALYZER_NONNULL = YES;
				CLANG_ANALYZER_NUMBER_OBJECT_CONVERSION = YES_AGGRESSIVE;
				CLANG_CXX_LANGUAGE_STANDARD = "gnu++20";
				CLANG_ENABLE_MODULES = YES;
				CLANG_ENABLE_OBJC_ARC = YES;
				CLANG_ENABLE_OBJC_WEAK = YES;
				CLANG_WARN_BLOCK_CAPTURE_AUTORELEASING = YES;
				CLANG_WARN_BOOL_CONVERSION = YES;
				CLANG_WARN_COMMA = YES;
				CLANG_WARN_CONSTANT_CONVERSION = YES;
				CLANG_WARN_DEPRECATED_OBJC_IMPLEMENTATIONS = YES;
				CLANG_WARN_DIRECT_OBJC_ISA_USAGE = YES_ERROR;
				CLANG_WARN_DOCUMENTATION_COMMENTS = YES;
				CLANG_WARN_EMPTY_BODY = YES;
				CLANG_WARN_ENUM_CONVERSION = YES;
				CLANG_WARN_INFINITE_RECURSION = YES;
				CLANG_WARN_INT_CONVERSION = YES;
				CLANG_WARN_NON_LITERAL_NULL_CONVERSION = YES;
				CLANG_WARN_OBJC_IMPLICIT_RETAIN_SELF = YES;
				CLANG_WARN_OBJC_LITERAL_CONVERSION = YES;
				CLANG_WARN_OBJC_ROOT_CLASS = YES_ERROR;
				CLANG_WARN_QUOTED_INCLUDE_IN_FRAMEWORK_HEADER = YES;
				CLANG_WARN_RANGE_LOOP_ANALYSIS = YES;
				CLANG_WARN_STRICT_PROTOTYPES = YES;
				CLANG_WARN_SUSPICIOUS_MOVE = YES;
				CLANG_WARN_UNGUARDED_AVAILABILITY = YES_AGGRESSIVE;
				CLANG_WARN_UNREACHABLE_CODE = YES;
				CLANG_WARN__DUPLICATE_METHOD_MATCH = YES;
				COPY_PHASE_STRIP = NO;
				DEBUG_INFORMATION_FORMAT = "dwarf-with-dsym";
				ENABLE_NS_ASSERTIONS = NO;
				ENABLE_STRICT_OBJC_MSGSEND = YES;
				ENABLE_USER_SCRIPT_SANDBOXING = YES;
				GCC_C_LANGUAGE_STANDARD = gnu17;
				GCC_NO_COMMON_BLOCKS = YES;
				GCC_WARN_64_TO_32_BIT_CONVERSION = YES;
				GCC_WARN_ABOUT_RETURN_TYPE = YES_ERROR;
				GCC_WARN_UNDECLARED_SELECTOR = YES;
				GCC_WARN_UNINITIALIZED_AUTOS = YES_AGGRESSIVE;
				GCC_WARN_UNUSED_FUNCTION = YES;
				GCC_WARN_UNUSED_VARIABLE = YES;
				IPHONEOS_DEPLOYMENT_TARGET = 18.1;
				LOCALIZATION_PREFERS_STRING_CATALOGS = YES;
				MTL_ENABLE_DEBUG_INFO = NO;
				MTL_FAST_MATH = YES;
				SDKROOT = iphoneos;
				SWIFT_COMPILATION_MODE = wholemodule;
				VALIDATE_PRODUCT = YES;
			};
			name = Release;
		};
		C07F37772D5FD25700F9C8BC /* Debug */ = {
			isa = XCBuildConfiguration;
			buildSettings = {
				ASSETCATALOG_COMPILER_APPICON_NAME = AppIcon;
				ASSETCATALOG_COMPILER_GLOBAL_ACCENT_COLOR_NAME = AccentColor;
				CODE_SIGN_STYLE = Automatic;
				CURRENT_PROJECT_VERSION = 1;
				DEVELOPMENT_ASSET_PATHS = "\"PulseGuideMobileApp/Preview Content\"";
				DEVELOPMENT_TEAM = 5BE9AG9X7E;
				ENABLE_PREVIEWS = YES;
				GENERATE_INFOPLIST_FILE = YES;
				INFOPLIST_KEY_UIApplicationSceneManifest_Generation = YES;
				INFOPLIST_KEY_UIApplicationSupportsIndirectInputEvents = YES;
				INFOPLIST_KEY_UILaunchScreen_Generation = YES;
				INFOPLIST_KEY_UISupportedInterfaceOrientations_iPad = "UIInterfaceOrientationPortrait UIInterfaceOrientationPortraitUpsideDown UIInterfaceOrientationLandscapeLeft UIInterfaceOrientationLandscapeRight";
				INFOPLIST_KEY_UISupportedInterfaceOrientations_iPhone = "UIInterfaceOrientationPortrait UIInterfaceOrientationLandscapeLeft UIInterfaceOrientationLandscapeRight";
				LD_RUNPATH_SEARCH_PATHS = (
					"$(inherited)",
					"@executable_path/Frameworks",
				);
				MARKETING_VERSION = 1.0;
				PRODUCT_BUNDLE_IDENTIFIER = PulseGuide.PulseGuideMobileApp;
				PRODUCT_NAME = "$(TARGET_NAME)";
				SWIFT_EMIT_LOC_STRINGS = YES;
				SWIFT_VERSION = 5.0;
				TARGETED_DEVICE_FAMILY = "1,2";
			};
			name = Debug;
		};
		C07F37782D5FD25700F9C8BC /* Release */ = {
			isa = XCBuildConfiguration;
			buildSettings = {
				ASSETCATALOG_COMPILER_APPICON_NAME = AppIcon;
				ASSETCATALOG_COMPILER_GLOBAL_ACCENT_COLOR_NAME = AccentColor;
				CODE_SIGN_STYLE = Automatic;
				CURRENT_PROJECT_VERSION = 1;
				DEVELOPMENT_ASSET_PATHS = "\"PulseGuideMobileApp/Preview Content\"";
				DEVELOPMENT_TEAM = 5BE9AG9X7E;
				ENABLE_PREVIEWS = YES;
				GENERATE_INFOPLIST_FILE = YES;
				INFOPLIST_KEY_UIApplicationSceneManifest_Generation = YES;
				INFOPLIST_KEY_UIApplicationSupportsIndirectInputEvents = YES;
				INFOPLIST_KEY_UILaunchScreen_Generation = YES;
				INFOPLIST_KEY_UISupportedInterfaceOrientations_iPad = "UIInterfaceOrientationPortrait UIInterfaceOrientationPortraitUpsideDown UIInterfaceOrientationLandscapeLeft UIInterfaceOrientationLandscapeRight";
				INFOPLIST_KEY_UISupportedInterfaceOrientations_iPhone = "UIInterfaceOrientationPortrait UIInterfaceOrientationLandscapeLeft UIInterfaceOrientationLandscapeRight";
				LD_RUNPATH_SEARCH_PATHS = (
					"$(inherited)",
					"@executable_path/Frameworks",
				);
				MARKETING_VERSION = 1.0;
				PRODUCT_BUNDLE_IDENTIFIER = PulseGuide.PulseGuideMobileApp;
				PRODUCT_NAME = "$(TARGET_NAME)";
				SWIFT_EMIT_LOC_STRINGS = YES;
				SWIFT_VERSION = 5.0;
				TARGETED_DEVICE_FAMILY = "1,2";
			};
			name = Release;
		};
		C07F377A2D5FD25700F9C8BC /* Debug */ = {
			isa = XCBuildConfiguration;
			buildSettings = {
				BUNDLE_LOADER = "$(TEST_HOST)";
				CODE_SIGN_STYLE = Automatic;
				CURRENT_PROJECT_VERSION = 1;
				DEVELOPMENT_TEAM = U5MB7M37L5;
				GENERATE_INFOPLIST_FILE = YES;
				IPHONEOS_DEPLOYMENT_TARGET = 18.1;
				MARKETING_VERSION = 1.0;
				PRODUCT_BUNDLE_IDENTIFIER = PulseGuide.PulseGuideMobileAppTests;
				PRODUCT_NAME = "$(TARGET_NAME)";
				SWIFT_EMIT_LOC_STRINGS = NO;
				SWIFT_VERSION = 5.0;
				TARGETED_DEVICE_FAMILY = "1,2";
				TEST_HOST = "$(BUILT_PRODUCTS_DIR)/PulseGuideMobileApp.app/$(BUNDLE_EXECUTABLE_FOLDER_PATH)/PulseGuideMobileApp";
			};
			name = Debug;
		};
		C07F377B2D5FD25700F9C8BC /* Release */ = {
			isa = XCBuildConfiguration;
			buildSettings = {
				BUNDLE_LOADER = "$(TEST_HOST)";
				CODE_SIGN_STYLE = Automatic;
				CURRENT_PROJECT_VERSION = 1;
				DEVELOPMENT_TEAM = U5MB7M37L5;
				GENERATE_INFOPLIST_FILE = YES;
				IPHONEOS_DEPLOYMENT_TARGET = 18.1;
				MARKETING_VERSION = 1.0;
				PRODUCT_BUNDLE_IDENTIFIER = PulseGuide.PulseGuideMobileAppTests;
				PRODUCT_NAME = "$(TARGET_NAME)";
				SWIFT_EMIT_LOC_STRINGS = NO;
				SWIFT_VERSION = 5.0;
				TARGETED_DEVICE_FAMILY = "1,2";
				TEST_HOST = "$(BUILT_PRODUCTS_DIR)/PulseGuideMobileApp.app/$(BUNDLE_EXECUTABLE_FOLDER_PATH)/PulseGuideMobileApp";
			};
			name = Release;
		};
		C07F377D2D5FD25700F9C8BC /* Debug */ = {
			isa = XCBuildConfiguration;
			buildSettings = {
				CODE_SIGN_STYLE = Automatic;
				CURRENT_PROJECT_VERSION = 1;
				DEVELOPMENT_TEAM = U5MB7M37L5;
				GENERATE_INFOPLIST_FILE = YES;
				MARKETING_VERSION = 1.0;
				PRODUCT_BUNDLE_IDENTIFIER = PulseGuide.PulseGuideMobileAppUITests;
				PRODUCT_NAME = "$(TARGET_NAME)";
				SWIFT_EMIT_LOC_STRINGS = NO;
				SWIFT_VERSION = 5.0;
				TARGETED_DEVICE_FAMILY = "1,2";
				TEST_TARGET_NAME = PulseGuideMobileApp;
			};
			name = Debug;
		};
		C07F377E2D5FD25700F9C8BC /* Release */ = {
			isa = XCBuildConfiguration;
			buildSettings = {
				CODE_SIGN_STYLE = Automatic;
				CURRENT_PROJECT_VERSION = 1;
				DEVELOPMENT_TEAM = U5MB7M37L5;
				GENERATE_INFOPLIST_FILE = YES;
				MARKETING_VERSION = 1.0;
				PRODUCT_BUNDLE_IDENTIFIER = PulseGuide.PulseGuideMobileAppUITests;
				PRODUCT_NAME = "$(TARGET_NAME)";
				SWIFT_EMIT_LOC_STRINGS = NO;
				SWIFT_VERSION = 5.0;
				TARGETED_DEVICE_FAMILY = "1,2";
				TEST_TARGET_NAME = PulseGuideMobileApp;
			};
			name = Release;
		};
		C0BA21482D7A559500652CB2 /* Debug */ = {
			isa = XCBuildConfiguration;
			buildSettings = {
				ASSETCATALOG_COMPILER_APPICON_NAME = AppIcon;
				ASSETCATALOG_COMPILER_GLOBAL_ACCENT_COLOR_NAME = AccentColor;
				CODE_SIGN_STYLE = Automatic;
				CURRENT_PROJECT_VERSION = 1;
				DEVELOPMENT_ASSET_PATHS = "\"PulseGuideWatchApp Watch App/Preview Content\"";
				DEVELOPMENT_TEAM = U5MB7M37L5;
				ENABLE_PREVIEWS = YES;
				GENERATE_INFOPLIST_FILE = YES;
				INFOPLIST_KEY_CFBundleDisplayName = PulseGuideWatchApp;
				INFOPLIST_KEY_UISupportedInterfaceOrientations = "UIInterfaceOrientationPortrait UIInterfaceOrientationPortraitUpsideDown";
				INFOPLIST_KEY_WKCompanionAppBundleIdentifier = PulseGuide.PulseGuideMobileApp;
				LD_RUNPATH_SEARCH_PATHS = (
					"$(inherited)",
					"@executable_path/Frameworks",
				);
				MARKETING_VERSION = 1.0;
				PRODUCT_BUNDLE_IDENTIFIER = PulseGuide.PulseGuideMobileApp.watchkitapp;
				PRODUCT_NAME = "$(TARGET_NAME)";
				SDKROOT = watchos;
				SKIP_INSTALL = YES;
				SWIFT_EMIT_LOC_STRINGS = YES;
				SWIFT_VERSION = 5.0;
				TARGETED_DEVICE_FAMILY = 4;
				WATCHOS_DEPLOYMENT_TARGET = 11.1;
			};
			name = Debug;
		};
		C0BA21492D7A559500652CB2 /* Release */ = {
			isa = XCBuildConfiguration;
			buildSettings = {
				ASSETCATALOG_COMPILER_APPICON_NAME = AppIcon;
				ASSETCATALOG_COMPILER_GLOBAL_ACCENT_COLOR_NAME = AccentColor;
				CODE_SIGN_STYLE = Automatic;
				CURRENT_PROJECT_VERSION = 1;
				DEVELOPMENT_ASSET_PATHS = "\"PulseGuideWatchApp Watch App/Preview Content\"";
				DEVELOPMENT_TEAM = U5MB7M37L5;
				ENABLE_PREVIEWS = YES;
				GENERATE_INFOPLIST_FILE = YES;
				INFOPLIST_KEY_CFBundleDisplayName = PulseGuideWatchApp;
				INFOPLIST_KEY_UISupportedInterfaceOrientations = "UIInterfaceOrientationPortrait UIInterfaceOrientationPortraitUpsideDown";
				INFOPLIST_KEY_WKCompanionAppBundleIdentifier = PulseGuide.PulseGuideMobileApp;
				LD_RUNPATH_SEARCH_PATHS = (
					"$(inherited)",
					"@executable_path/Frameworks",
				);
				MARKETING_VERSION = 1.0;
				PRODUCT_BUNDLE_IDENTIFIER = PulseGuide.PulseGuideMobileApp.watchkitapp;
				PRODUCT_NAME = "$(TARGET_NAME)";
				SDKROOT = watchos;
				SKIP_INSTALL = YES;
				SWIFT_EMIT_LOC_STRINGS = YES;
				SWIFT_VERSION = 5.0;
				TARGETED_DEVICE_FAMILY = 4;
				WATCHOS_DEPLOYMENT_TARGET = 11.1;
			};
			name = Release;
		};
		C0BA214A2D7A559500652CB2 /* Debug */ = {
			isa = XCBuildConfiguration;
			buildSettings = {
				BUNDLE_LOADER = "$(TEST_HOST)";
				CODE_SIGN_STYLE = Automatic;
				CURRENT_PROJECT_VERSION = 1;
				DEVELOPMENT_TEAM = U5MB7M37L5;
				GENERATE_INFOPLIST_FILE = YES;
				MARKETING_VERSION = 1.0;
				PRODUCT_BUNDLE_IDENTIFIER = "PulseGuide.PulseGuideWatchApp-Watch-AppTests";
				PRODUCT_NAME = "$(TARGET_NAME)";
				SDKROOT = watchos;
				SWIFT_EMIT_LOC_STRINGS = NO;
				SWIFT_VERSION = 5.0;
				TARGETED_DEVICE_FAMILY = 4;
				TEST_HOST = "$(BUILT_PRODUCTS_DIR)/PulseGuideWatchApp Watch App.app/$(BUNDLE_EXECUTABLE_FOLDER_PATH)/PulseGuideWatchApp Watch App";
				WATCHOS_DEPLOYMENT_TARGET = 11.1;
			};
			name = Debug;
		};
		C0BA214B2D7A559500652CB2 /* Release */ = {
			isa = XCBuildConfiguration;
			buildSettings = {
				BUNDLE_LOADER = "$(TEST_HOST)";
				CODE_SIGN_STYLE = Automatic;
				CURRENT_PROJECT_VERSION = 1;
				DEVELOPMENT_TEAM = U5MB7M37L5;
				GENERATE_INFOPLIST_FILE = YES;
				MARKETING_VERSION = 1.0;
				PRODUCT_BUNDLE_IDENTIFIER = "PulseGuide.PulseGuideWatchApp-Watch-AppTests";
				PRODUCT_NAME = "$(TARGET_NAME)";
				SDKROOT = watchos;
				SWIFT_EMIT_LOC_STRINGS = NO;
				SWIFT_VERSION = 5.0;
				TARGETED_DEVICE_FAMILY = 4;
				TEST_HOST = "$(BUILT_PRODUCTS_DIR)/PulseGuideWatchApp Watch App.app/$(BUNDLE_EXECUTABLE_FOLDER_PATH)/PulseGuideWatchApp Watch App";
				WATCHOS_DEPLOYMENT_TARGET = 11.1;
			};
			name = Release;
		};
		C0BA214C2D7A559500652CB2 /* Debug */ = {
			isa = XCBuildConfiguration;
			buildSettings = {
				CODE_SIGN_STYLE = Automatic;
				CURRENT_PROJECT_VERSION = 1;
				DEVELOPMENT_TEAM = U5MB7M37L5;
				GENERATE_INFOPLIST_FILE = YES;
				MARKETING_VERSION = 1.0;
				PRODUCT_BUNDLE_IDENTIFIER = "PulseGuide.PulseGuideWatchApp-Watch-AppUITests";
				PRODUCT_NAME = "$(TARGET_NAME)";
				SDKROOT = watchos;
				SWIFT_EMIT_LOC_STRINGS = NO;
				SWIFT_VERSION = 5.0;
				TARGETED_DEVICE_FAMILY = 4;
				TEST_TARGET_NAME = "PulseGuideWatchApp Watch App";
				WATCHOS_DEPLOYMENT_TARGET = 11.1;
			};
			name = Debug;
		};
		C0BA214D2D7A559500652CB2 /* Release */ = {
			isa = XCBuildConfiguration;
			buildSettings = {
				CODE_SIGN_STYLE = Automatic;
				CURRENT_PROJECT_VERSION = 1;
				DEVELOPMENT_TEAM = U5MB7M37L5;
				GENERATE_INFOPLIST_FILE = YES;
				MARKETING_VERSION = 1.0;
				PRODUCT_BUNDLE_IDENTIFIER = "PulseGuide.PulseGuideWatchApp-Watch-AppUITests";
				PRODUCT_NAME = "$(TARGET_NAME)";
				SDKROOT = watchos;
				SWIFT_EMIT_LOC_STRINGS = NO;
				SWIFT_VERSION = 5.0;
				TARGETED_DEVICE_FAMILY = 4;
				TEST_TARGET_NAME = "PulseGuideWatchApp Watch App";
				WATCHOS_DEPLOYMENT_TARGET = 11.1;
			};
			name = Release;
		};
/* End XCBuildConfiguration section */

/* Begin XCConfigurationList section */
		C07F374D2D5FD25400F9C8BC /* Build configuration list for PBXProject "PulseGuideMobileApp" */ = {
			isa = XCConfigurationList;
			buildConfigurations = (
				C07F37742D5FD25700F9C8BC /* Debug */,
				C07F37752D5FD25700F9C8BC /* Release */,
			);
			defaultConfigurationIsVisible = 0;
			defaultConfigurationName = Release;
		};
		C07F37762D5FD25700F9C8BC /* Build configuration list for PBXNativeTarget "PulseGuideMobileApp" */ = {
			isa = XCConfigurationList;
			buildConfigurations = (
				C07F37772D5FD25700F9C8BC /* Debug */,
				C07F37782D5FD25700F9C8BC /* Release */,
			);
			defaultConfigurationIsVisible = 0;
			defaultConfigurationName = Release;
		};
		C07F37792D5FD25700F9C8BC /* Build configuration list for PBXNativeTarget "PulseGuideMobileAppTests" */ = {
			isa = XCConfigurationList;
			buildConfigurations = (
				C07F377A2D5FD25700F9C8BC /* Debug */,
				C07F377B2D5FD25700F9C8BC /* Release */,
			);
			defaultConfigurationIsVisible = 0;
			defaultConfigurationName = Release;
		};
		C07F377C2D5FD25700F9C8BC /* Build configuration list for PBXNativeTarget "PulseGuideMobileAppUITests" */ = {
			isa = XCConfigurationList;
			buildConfigurations = (
				C07F377D2D5FD25700F9C8BC /* Debug */,
				C07F377E2D5FD25700F9C8BC /* Release */,
			);
			defaultConfigurationIsVisible = 0;
			defaultConfigurationName = Release;
		};
		C0BA214E2D7A559500652CB2 /* Build configuration list for PBXNativeTarget "PulseGuideWatchApp Watch App" */ = {
			isa = XCConfigurationList;
			buildConfigurations = (
				C0BA21482D7A559500652CB2 /* Debug */,
				C0BA21492D7A559500652CB2 /* Release */,
			);
			defaultConfigurationIsVisible = 0;
			defaultConfigurationName = Release;
		};
		C0BA214F2D7A559500652CB2 /* Build configuration list for PBXNativeTarget "PulseGuideWatchApp Watch AppTests" */ = {
			isa = XCConfigurationList;
			buildConfigurations = (
				C0BA214A2D7A559500652CB2 /* Debug */,
				C0BA214B2D7A559500652CB2 /* Release */,
			);
			defaultConfigurationIsVisible = 0;
			defaultConfigurationName = Release;
		};
		C0BA21502D7A559500652CB2 /* Build configuration list for PBXNativeTarget "PulseGuideWatchApp Watch AppUITests" */ = {
			isa = XCConfigurationList;
			buildConfigurations = (
				C0BA214C2D7A559500652CB2 /* Debug */,
				C0BA214D2D7A559500652CB2 /* Release */,
			);
			defaultConfigurationIsVisible = 0;
			defaultConfigurationName = Release;
		};
/* End XCConfigurationList section */
	};
	rootObject = C07F374A2D5FD25400F9C8BC /* Project object */;
}
